
Microsoft Visual Studio Solution File, Format Version 12.00
# Visual Studio Version 17
VisualStudioVersion = 17.9.34607.119
MinimumVisualStudioVersion = 10.0.40219.1
Project("{FAE04EC0-301F-11D3-BF4B-00C04F79EFBC}") = "MovieReviews", "MovieReviews\MovieReviews.csproj", "{53B432D2-DD63-4DA5-AB85-D77B55588D6F}"
EndProject
Global
	GlobalSection(SolutionConfigurationPlatforms) = preSolution
		Debug|Any CPU = Debug|Any CPU
		Release|Any CPU = Release|Any CPU
	EndGlobalSection
	GlobalSection(ProjectConfigurationPlatforms) = postSolution
		{53B432D2-DD63-4DA5-AB85-D77B55588D6F}.Debug|Any CPU.ActiveCfg = Debug|Any CPU
		{53B432D2-DD63-4DA5-AB85-D77B55588D6F}.Debug|Any CPU.Build.0 = Debug|Any CPU
		{53B432D2-DD63-4DA5-AB85-D77B55588D6F}.Release|Any CPU.ActiveCfg = Release|Any CPU
		{53B432D2-DD63-4DA5-AB85-D77B55588D6F}.Release|Any CPU.Build.0 = Release|Any CPU
	EndGlobalSection
	GlobalSection(SolutionProperties) = preSolution
		HideSolutionNode = FALSE
	EndGlobalSection
	GlobalSection(ExtensibilityGlobals) = postSolution
		SolutionGuid = {E6231EC7-A59E-4281-84A1-6C94716EFE70}
	EndGlobalSection
EndGlobal
